
Microsoft Visual Studio Solution File, Format Version 12.00
# Visual Studio Version 16
VisualStudioVersion = 16.0.31702.278
MinimumVisualStudioVersion = 10.0.40219.1
Project("{FAE04EC0-301F-11D3-BF4B-00C04F79EFBC}") = "DevBuildCircleLab", "DevBuildCircleLab\DevBuildCircleLab.csproj", "{B3E60151-DB74-461D-837E-635B56758901}"
EndProject
Global
	GlobalSection(SolutionConfigurationPlatforms) = preSolution
		Debug|Any CPU = Debug|Any CPU
		Release|Any CPU = Release|Any CPU
	EndGlobalSection
	GlobalSection(ProjectConfigurationPlatforms) = postSolution
		{B3E60151-DB74-461D-837E-635B56758901}.Debug|Any CPU.ActiveCfg = Debug|Any CPU
		{B3E60151-DB74-461D-837E-635B56758901}.Debug|Any CPU.Build.0 = Debug|Any CPU
		{B3E60151-DB74-461D-837E-635B56758901}.Release|Any CPU.ActiveCfg = Release|Any CPU
		{B3E60151-DB74-461D-837E-635B56758901}.Release|Any CPU.Build.0 = Release|Any CPU
	EndGlobalSection
	GlobalSection(SolutionProperties) = preSolution
		HideSolutionNode = FALSE
	EndGlobalSection
	GlobalSection(ExtensibilityGlobals) = postSolution
		SolutionGuid = {906856C4-1687-421A-9E2F-A506AF67818D}
	EndGlobalSection
EndGlobal
